
Microsoft Visual Studio Solution File, Format Version 12.00
# Visual Studio Version 17
VisualStudioVersion = 17.10.35004.147
MinimumVisualStudioVersion = 10.0.40219.1
Project("{9A19103F-16F7-4668-BE54-9A1E7A4F7556}") = "MS00000_TemplateApi", "MS00000_TemplateApi\MS00000_TemplateApi.csproj", "{34C2F302-1FD1-4A1B-AEB9-F32DB2DF7833}"
EndProject
Project("{FAE04EC0-301F-11D3-BF4B-00C04F79EFBC}") = "MS00000_TemplateApi.tests.unit", "MS00000_TemplateApi.tests.unit\MS00000_TemplateApi.tests.unit.csproj", "{7C9E64E8-D902-4A03-B36B-8F2975BC534D}"
EndProject
Global
	GlobalSection(SolutionConfigurationPlatforms) = preSolution
		Debug|Any CPU = Debug|Any CPU
		Release|Any CPU = Release|Any CPU
	EndGlobalSection
	GlobalSection(ProjectConfigurationPlatforms) = postSolution
		{34C2F302-1FD1-4A1B-AEB9-F32DB2DF7833}.Debug|Any CPU.ActiveCfg = Debug|Any CPU
		{34C2F302-1FD1-4A1B-AEB9-F32DB2DF7833}.Debug|Any CPU.Build.0 = Debug|Any CPU
		{34C2F302-1FD1-4A1B-AEB9-F32DB2DF7833}.Release|Any CPU.ActiveCfg = Release|Any CPU
		{34C2F302-1FD1-4A1B-AEB9-F32DB2DF7833}.Release|Any CPU.Build.0 = Release|Any CPU
		{7C9E64E8-D902-4A03-B36B-8F2975BC534D}.Debug|Any CPU.ActiveCfg = Debug|Any CPU
		{7C9E64E8-D902-4A03-B36B-8F2975BC534D}.Debug|Any CPU.Build.0 = Debug|Any CPU
		{7C9E64E8-D902-4A03-B36B-8F2975BC534D}.Release|Any CPU.ActiveCfg = Release|Any CPU
		{7C9E64E8-D902-4A03-B36B-8F2975BC534D}.Release|Any CPU.Build.0 = Release|Any CPU
	EndGlobalSection
	GlobalSection(SolutionProperties) = preSolution
		HideSolutionNode = FALSE
	EndGlobalSection
	GlobalSection(ExtensibilityGlobals) = postSolution
		SolutionGuid = {3664B53C-BA15-4A4C-BB1D-5952DCC0D5C7}
	EndGlobalSection
EndGlobal
